{
    "_meta": {
        "hash": {
            "sha256": "34660a2e5ce12396043cfbc3a0672d1aa2bae83161fe23a2219fdce05d65dad8"
        },
        "pipfile-spec": 6,
        "requires": {
            "python_version": "3.7"
        },
        "sources": [
            {
                "name": "pypi",
                "url": "https://pypi.org/simple",
                "verify_ssl": true
            }
        ]
    },
    "default": {
        "amqp": {
            "hashes": [],
            "version": "==5.2.0"
        },
        "beautifulsoup4": {
            "hashes": [],
            "version": "==4.12.3"
        },
        "billiard": {
            "hashes": [],
            "version": "==4.2.0"
        },
        "celery": {
            "hashes": [],
            "version": "==5.4.0"
        },
        "dj-static": {
            "hashes": [
                "sha256:032ec1c532617922e6e3e956d504a6fb1acce4fc1c7c94612d0fda21828ce8ef"
            ],
            "index": "pypi",
            "version": "==0.0.6"
        },
        "django": {
            "hashes": [],
            "version": "==5.0.6"
        },
        "django-celery-beat": {
            "hashes": [],
            "version": "==2.6.0"
        },
        "django-extensions": {
            "hashes": [],
            "version": "==3.2.3"
        },
        "django-timezone-field": {
            "hashes": [],
            "version": "==6.1.0"
        },
        "djangorestframework": {
            "hashes": [],
            "version": "==3.15.1"
        },
        "importlib-metadata": {
            "hashes": [],
            "version": "==7.1.0"
        },
        "kombu": {
            "hashes": [],
            "version": "==5.3.7"
        },
        "more-itertools": {
            "hashes": [],
            "version": "==10.2.0"
        },
        "python-crontab": {
            "hashes": [],
            "version": "==3.0.0"
        },
        "python-dateutil": {
            "hashes": [],
            "version": "==2.9.0.post0"
        },
        "python-decouple": {
            "hashes": [],
            "version": "==3.8"
        },
        "pytz": {
            "hashes": [],
            "version": "==2024.1"
        },
        "six": {
            "hashes": [],
            "version": "==1.16.0"
        },
        "soupsieve": {
            "hashes": [],
            "version": "==2.5"
        },
        "sqlparse": {
            "hashes": [],
            "version": "==0.5.0"
        },
        "static3": {
            "hashes": [
                "sha256:674641c64bc75507af2eb20bef7e7e3593dca993dec6674be108fa15b42f47c8"
            ],
            "version": "==0.7.0"
        },
        "vine": {
            "hashes": [],
            "version": "==5.1.0"
        },
        "zipp": {
            "hashes": [],
            "version": "==3.18.2"
        }
    },
    "develop": {
        "attrs": {
            "hashes": [],
            "version": "==23.2.0"
        },
        "backcall": {
            "hashes": [],
            "version": "==0.2.0"
        },
        "coverage": {
            "hashes": [],
            "version": "==7.5.1"
        },
        "decorator": {
            "hashes": [],
            "version": "==5.1.1"
        },
        "django-test-without-migrations": {
            "hashes": [
                "sha256:28fbe94d23f314f524acea7ff23ef6f72ddb232492d6d0b39c25a97fc20be0fa"
            ],
            "index": "pypi",
            "version": "==0.6"
        },
        "entrypoints": {
            "hashes": [],
            "version": "==0.4"
        },
        "filelock": {
            "hashes": [],
            "version": "==3.14.0"
        },
        "flake8": {
            "hashes": [],
            "version": "==7.0.0"
        },
        "importlib-metadata": {
            "hashes": [],
            "version": "==7.1.0"
        },
        "ipython": {
            "hashes": [],
            "version": "==8.24.0"
        },
        "ipython-genutils": {
            "hashes": [
                "sha256:72dd37233799e619666c9f639a9da83c34013a73e8bbc79a7a6348d93c61fab8",
                "sha256:eb2e116e75ecef9d4d228fdc66af54269afa26ab4463042e33785b887c628ba8"
            ],
            "version": "==0.2.0"
        },
        "isort": {
            "hashes": [],
            "version": "==5.13.2"
        },
        "jedi": {
            "hashes": [],
            "version": "==0.19.1"
        },
        "mccabe": {
            "hashes": [],
            "version": "==0.7.0"
        },
        "more-itertools": {
            "hashes": [],
            "version": "==10.2.0"
        },
        "packaging": {
            "hashes": [],
            "version": "==24.0"
        },
        "parso": {
            "hashes": [],
            "version": "==0.8.4"
        },
        "pexpect": {
            "hashes": [],
            "version": "==4.9.0"
        },
        "pickleshare": {
            "hashes": [
                "sha256:87683d47965c1da65cdacaf31c8441d12b8044cdec9aca500cd78fc2c683afca",
                "sha256:9649af414d74d4df115d5d718f82acb59c9d418196b7b4290ed47a12ce62df56"
            ],
            "version": "==0.7.5"
        },
        "pluggy": {
            "hashes": [],
            "version": "==1.5.0"
        },
        "prompt-toolkit": {
            "hashes": [],
            "version": "==3.0.43"
        },
        "ptyprocess": {
            "hashes": [],
            "version": "==0.7.0"
        },
        "py": {
            "hashes": [],
            "version": "==1.11.0"
        },
        "pycodestyle": {
            "hashes": [],
            "version": "==2.11.1"
        },
        "pyflakes": {
            "hashes": [],
            "version": "==3.2.0"
        },
        "pygments": {
            "hashes": [],
            "version": "==2.18.0"
        },
        "pyparsing": {
            "hashes": [],
            "version": "==3.1.2"
        },
        "six": {
            "hashes": [],
            "version": "==1.16.0"
        },
        "toml": {
            "hashes": [],
            "version": "==0.10.2"
        },
        "tox": {
            "hashes": [],
            "version": "==4.15.0"
        },
        "traitlets": {
            "hashes": [],
            "version": "==5.14.3"
        },
        "virtualenv": {
            "hashes": [],
            "version": "==20.26.2"
        },
        "wcwidth": {
            "hashes": [],
            "version": "==0.2.13"
        },
        "zipp": {
            "hashes": [],
            "version": "==3.18.2"
        }
    }
}
